// !$*UTF8*$!
{
	archiveVersion = 1;
	classes = {
	};
	objectVersion = 46;
	objects = {

/* Begin PBXBuildFile section */
		9A9F714D19A13AF2007287A9 /* MASBugCell.m in Sources */ = {isa = PBXBuildFile; fileRef = 9A9F714C19A13AF2007287A9 /* MASBugCell.m */; };
		C17CE0261953E518005F1216 /* Foundation.framework in Frameworks */ = {isa = PBXBuildFile; fileRef = C17CE0251953E518005F1216 /* Foundation.framework */; };
		C17CE0281953E518005F1216 /* CoreGraphics.framework in Frameworks */ = {isa = PBXBuildFile; fileRef = C17CE0271953E518005F1216 /* CoreGraphics.framework */; };
		C17CE02A1953E518005F1216 /* UIKit.framework in Frameworks */ = {isa = PBXBuildFile; fileRef = C17CE0291953E518005F1216 /* UIKit.framework */; };
		C17CE0301953E518005F1216 /* InfoPlist.strings in Resources */ = {isa = PBXBuildFile; fileRef = C17CE02E1953E518005F1216 /* InfoPlist.strings */; };
		C17CE0321953E518005F1216 /* main.m in Sources */ = {isa = PBXBuildFile; fileRef = C17CE0311953E518005F1216 /* main.m */; };
		C17CE0361953E518005F1216 /* MASAppDelegate.m in Sources */ = {isa = PBXBuildFile; fileRef = C17CE0351953E518005F1216 /* MASAppDelegate.m */; };
		C17CE0391953E518005F1216 /* Main.storyboard in Resources */ = {isa = PBXBuildFile; fileRef = C17CE0371953E518005F1216 /* Main.storyboard */; };
		C17CE03E1953E518005F1216 /* Images.xcassets in Resources */ = {isa = PBXBuildFile; fileRef = C17CE03D1953E518005F1216 /* Images.xcassets */; };
		C17CE0451953E518005F1216 /* XCTest.framework in Frameworks */ = {isa = PBXBuildFile; fileRef = C17CE0441953E518005F1216 /* XCTest.framework */; };
		C17CE0461953E518005F1216 /* Foundation.framework in Frameworks */ = {isa = PBXBuildFile; fileRef = C17CE0251953E518005F1216 /* Foundation.framework */; };
		C17CE0471953E519005F1216 /* UIKit.framework in Frameworks */ = {isa = PBXBuildFile; fileRef = C17CE0291953E518005F1216 /* UIKit.framework */; };
		C17CE04F1953E519005F1216 /* InfoPlist.strings in Resources */ = {isa = PBXBuildFile; fileRef = C17CE04D1953E519005F1216 /* InfoPlist.strings */; };
		C17CE0511953E519005F1216 /* Scary_BugsTests.m in Sources */ = {isa = PBXBuildFile; fileRef = C17CE0501953E519005F1216 /* Scary_BugsTests.m */; };
		C1A6533D1957C11C00EC7BFB /* BugSection.m in Sources */ = {isa = PBXBuildFile; fileRef = C1A6533C1957C11C00EC7BFB /* BugSection.m */; };
		C1AE82C319566FD0004740F4 /* MASBugsTableViewController.m in Sources */ = {isa = PBXBuildFile; fileRef = C1AE82C219566FD0004740F4 /* MASBugsTableViewController.m */; };
		C1AE82E019567289004740F4 /* attribution.txt in Resources */ = {isa = PBXBuildFile; fileRef = C1AE82C519567289004740F4 /* attribution.txt */; };
		C1AE82E119567289004740F4 /* bee.jpg in Resources */ = {isa = PBXBuildFile; fileRef = C1AE82C619567289004740F4 /* bee.jpg */; };
		C1AE82E219567289004740F4 /* beetle.jpg in Resources */ = {isa = PBXBuildFile; fileRef = C1AE82C719567289004740F4 /* beetle.jpg */; };
		C1AE82E319567289004740F4 /* burritoInsect.jpg in Resources */ = {isa = PBXBuildFile; fileRef = C1AE82C819567289004740F4 /* burritoInsect.jpg */; };
		C1AE82E419567289004740F4 /* caterpillar.jpg in Resources */ = {isa = PBXBuildFile; fileRef = C1AE82C919567289004740F4 /* caterpillar.jpg */; };
		C1AE82E519567289004740F4 /* centipede.jpg in Resources */ = {isa = PBXBuildFile; fileRef = C1AE82CA19567289004740F4 /* centipede.jpg */; };
		C1AE82E619567289004740F4 /* cicada.jpg in Resources */ = {isa = PBXBuildFile; fileRef = C1AE82CB19567289004740F4 /* cicada.jpg */; };
		C1AE82E719567289004740F4 /* cockroach.jpg in Resources */ = {isa = PBXBuildFile; fileRef = C1AE82CC19567289004740F4 /* cockroach.jpg */; };
		C1AE82E819567289004740F4 /* exoskeleton.jpg in Resources */ = {isa = PBXBuildFile; fileRef = C1AE82CD19567289004740F4 /* exoskeleton.jpg */; };
		C1AE82E919567289004740F4 /* fly.jpg in Resources */ = {isa = PBXBuildFile; fileRef = C1AE82CE19567289004740F4 /* fly.jpg */; };
		C1AE82EA19567289004740F4 /* giantMoth.jpg in Resources */ = {isa = PBXBuildFile; fileRef = C1AE82CF19567289004740F4 /* giantMoth.jpg */; };
		C1AE82EB19567289004740F4 /* grasshopper.jpg in Resources */ = {isa = PBXBuildFile; fileRef = C1AE82D019567289004740F4 /* grasshopper.jpg */; };
		C1AE82EC19567289004740F4 /* ladybug.jpg in Resources */ = {isa = PBXBuildFile; fileRef = C1AE82D119567289004740F4 /* ladybug.jpg */; };
		C1AE82ED19567289004740F4 /* mosquito.jpg in Resources */ = {isa = PBXBuildFile; fileRef = C1AE82D219567289004740F4 /* mosquito.jpg */; };
		C1AE82EE19567289004740F4 /* potatoBug.jpg in Resources */ = {isa = PBXBuildFile; fileRef = C1AE82D319567289004740F4 /* potatoBug.jpg */; };
		C1AE82EF19567289004740F4 /* prayingMantis.jpg in Resources */ = {isa = PBXBuildFile; fileRef = C1AE82D419567289004740F4 /* prayingMantis.jpg */; };
		C1AE82F019567289004740F4 /* roach.jpg in Resources */ = {isa = PBXBuildFile; fileRef = C1AE82D519567289004740F4 /* roach.jpg */; };
		C1AE82F119567289004740F4 /* robberFly.jpg in Resources */ = {isa = PBXBuildFile; fileRef = C1AE82D619567289004740F4 /* robberFly.jpg */; };
		C1AE82F219567289004740F4 /* ScaryBug.m in Sources */ = {isa = PBXBuildFile; fileRef = C1AE82D819567289004740F4 /* ScaryBug.m */; };
		C1AE82F319567289004740F4 /* scorpion.jpg in Resources */ = {isa = PBXBuildFile; fileRef = C1AE82D919567289004740F4 /* scorpion.jpg */; };
		C1AE82F419567289004740F4 /* shieldBug.jpg in Resources */ = {isa = PBXBuildFile; fileRef = C1AE82DA19567289004740F4 /* shieldBug.jpg */; };
		C1AE82F519567289004740F4 /* shockedface2_empty.png in Resources */ = {isa = PBXBuildFile; fileRef = C1AE82DB19567289004740F4 /* shockedface2_empty.png */; };
		C1AE82F619567289004740F4 /* shockedface2_full.png in Resources */ = {isa = PBXBuildFile; fileRef = C1AE82DC19567289004740F4 /* shockedface2_full.png */; };
		C1AE82F719567289004740F4 /* stagBeetle.jpg in Resources */ = {isa = PBXBuildFile; fileRef = C1AE82DD19567289004740F4 /* stagBeetle.jpg */; };
		C1AE82F819567289004740F4 /* stinkbug.jpg in Resources */ = {isa = PBXBuildFile; fileRef = C1AE82DE19567289004740F4 /* stinkbug.jpg */; };
		C1AE82F919567289004740F4 /* wolfSpider.jpg in Resources */ = {isa = PBXBuildFile; fileRef = C1AE82DF19567289004740F4 /* wolfSpider.jpg */; };
/* End PBXBuildFile section */

/* Begin PBXContainerItemProxy section */
		C17CE0481953E519005F1216 /* PBXContainerItemProxy */ = {
			isa = PBXContainerItemProxy;
			containerPortal = C17CE01A1953E518005F1216 /* Project object */;
			proxyType = 1;
			remoteGlobalIDString = C17CE0211953E518005F1216;
			remoteInfo = "Scary Bugs";
		};
/* End PBXContainerItemProxy section */

/* Begin PBXFileReference section */
		9A9F714B19A13AF2007287A9 /* MASBugCell.h */ = {isa = PBXFileReference; fileEncoding = 4; lastKnownFileType = sourcecode.c.h; path = MASBugCell.h; sourceTree = "<group>"; };
		9A9F714C19A13AF2007287A9 /* MASBugCell.m */ = {isa = PBXFileReference; fileEncoding = 4; lastKnownFileType = sourcecode.c.objc; path = MASBugCell.m; sourceTree = "<group>"; };
		C17CE0221953E518005F1216 /* Scary Bugs.app */ = {isa = PBXFileReference; explicitFileType = wrapper.application; includeInIndex = 0; path = "Scary Bugs.app"; sourceTree = BUILT_PRODUCTS_DIR; };
		C17CE0251953E518005F1216 /* Foundation.framework */ = {isa = PBXFileReference; lastKnownFileType = wrapper.framework; name = Foundation.framework; path = System/Library/Frameworks/Foundation.framework; sourceTree = SDKROOT; };
		C17CE0271953E518005F1216 /* CoreGraphics.framework */ = {isa = PBXFileReference; lastKnownFileType = wrapper.framework; name = CoreGraphics.framework; path = System/Library/Frameworks/CoreGraphics.framework; sourceTree = SDKROOT; };
		C17CE0291953E518005F1216 /* UIKit.framework */ = {isa = PBXFileReference; lastKnownFileType = wrapper.framework; name = UIKit.framework; path = System/Library/Frameworks/UIKit.framework; sourceTree = SDKROOT; };
		C17CE02D1953E518005F1216 /* Scary Bugs-Info.plist */ = {isa = PBXFileReference; lastKnownFileType = text.plist.xml; path = "Scary Bugs-Info.plist"; sourceTree = "<group>"; };
		C17CE02F1953E518005F1216 /* en */ = {isa = PBXFileReference; lastKnownFileType = text.plist.strings; name = en; path = en.lproj/InfoPlist.strings; sourceTree = "<group>"; };
		C17CE0311953E518005F1216 /* main.m */ = {isa = PBXFileReference; lastKnownFileType = sourcecode.c.objc; path = main.m; sourceTree = "<group>"; };
		C17CE0331953E518005F1216 /* Scary Bugs-Prefix.pch */ = {isa = PBXFileReference; lastKnownFileType = sourcecode.c.h; path = "Scary Bugs-Prefix.pch"; sourceTree = "<group>"; };
		C17CE0341953E518005F1216 /* MASAppDelegate.h */ = {isa = PBXFileReference; lastKnownFileType = sourcecode.c.h; path = MASAppDelegate.h; sourceTree = "<group>"; };
		C17CE0351953E518005F1216 /* MASAppDelegate.m */ = {isa = PBXFileReference; lastKnownFileType = sourcecode.c.objc; path = MASAppDelegate.m; sourceTree = "<group>"; };
		C17CE0381953E518005F1216 /* Base */ = {isa = PBXFileReference; lastKnownFileType = file.storyboard; name = Base; path = Base.lproj/Main.storyboard; sourceTree = "<group>"; };
		C17CE03D1953E518005F1216 /* Images.xcassets */ = {isa = PBXFileReference; lastKnownFileType = folder.assetcatalog; path = Images.xcassets; sourceTree = "<group>"; };
		C17CE0431953E518005F1216 /* Scary BugsTests.xctest */ = {isa = PBXFileReference; explicitFileType = wrapper.cfbundle; includeInIndex = 0; path = "Scary BugsTests.xctest"; sourceTree = BUILT_PRODUCTS_DIR; };
		C17CE0441953E518005F1216 /* XCTest.framework */ = {isa = PBXFileReference; lastKnownFileType = wrapper.framework; name = XCTest.framework; path = Library/Frameworks/XCTest.framework; sourceTree = DEVELOPER_DIR; };
		C17CE04C1953E519005F1216 /* Scary BugsTests-Info.plist */ = {isa = PBXFileReference; lastKnownFileType = text.plist.xml; path = "Scary BugsTests-Info.plist"; sourceTree = "<group>"; };
		C17CE04E1953E519005F1216 /* en */ = {isa = PBXFileReference; lastKnownFileType = text.plist.strings; name = en; path = en.lproj/InfoPlist.strings; sourceTree = "<group>"; };
		C17CE0501953E519005F1216 /* Scary_BugsTests.m */ = {isa = PBXFileReference; lastKnownFileType = sourcecode.c.objc; path = Scary_BugsTests.m; sourceTree = "<group>"; };
		C1A6533B1957C11C00EC7BFB /* BugSection.h */ = {isa = PBXFileReference; fileEncoding = 4; lastKnownFileType = sourcecode.c.h; path = BugSection.h; sourceTree = "<group>"; };
		C1A6533C1957C11C00EC7BFB /* BugSection.m */ = {isa = PBXFileReference; fileEncoding = 4; lastKnownFileType = sourcecode.c.objc; path = BugSection.m; sourceTree = "<group>"; };
		C1AE82C119566FD0004740F4 /* MASBugsTableViewController.h */ = {isa = PBXFileReference; fileEncoding = 4; lastKnownFileType = sourcecode.c.h; name = MASBugsTableViewController.h; path = ../MASBugsTableViewController.h; sourceTree = "<group>"; };
		C1AE82C219566FD0004740F4 /* MASBugsTableViewController.m */ = {isa = PBXFileReference; fileEncoding = 4; lastKnownFileType = sourcecode.c.objc; name = MASBugsTableViewController.m; path = ../MASBugsTableViewController.m; sourceTree = "<group>"; };
		C1AE82C519567289004740F4 /* attribution.txt */ = {isa = PBXFileReference; fileEncoding = 4; lastKnownFileType = text; path = attribution.txt; sourceTree = "<group>"; };
		C1AE82C619567289004740F4 /* bee.jpg */ = {isa = PBXFileReference; lastKnownFileType = image.jpeg; path = bee.jpg; sourceTree = "<group>"; };
		C1AE82C719567289004740F4 /* beetle.jpg */ = {isa = PBXFileReference; lastKnownFileType = image.jpeg; path = beetle.jpg; sourceTree = "<group>"; };
		C1AE82C819567289004740F4 /* burritoInsect.jpg */ = {isa = PBXFileReference; lastKnownFileType = image.jpeg; path = burritoInsect.jpg; sourceTree = "<group>"; };
		C1AE82C919567289004740F4 /* caterpillar.jpg */ = {isa = PBXFileReference; lastKnownFileType = image.jpeg; path = caterpillar.jpg; sourceTree = "<group>"; };
		C1AE82CA19567289004740F4 /* centipede.jpg */ = {isa = PBXFileReference; lastKnownFileType = image.jpeg; path = centipede.jpg; sourceTree = "<group>"; };
		C1AE82CB19567289004740F4 /* cicada.jpg */ = {isa = PBXFileReference; lastKnownFileType = image.jpeg; path = cicada.jpg; sourceTree = "<group>"; };
		C1AE82CC19567289004740F4 /* cockroach.jpg */ = {isa = PBXFileReference; lastKnownFileType = image.jpeg; path = cockroach.jpg; sourceTree = "<group>"; };
		C1AE82CD19567289004740F4 /* exoskeleton.jpg */ = {isa = PBXFileReference; lastKnownFileType = image.jpeg; path = exoskeleton.jpg; sourceTree = "<group>"; };
		C1AE82CE19567289004740F4 /* fly.jpg */ = {isa = PBXFileReference; lastKnownFileType = image.jpeg; path = fly.jpg; sourceTree = "<group>"; };
		C1AE82CF19567289004740F4 /* giantMoth.jpg */ = {isa = PBXFileReference; lastKnownFileType = image.jpeg; path = giantMoth.jpg; sourceTree = "<group>"; };
		C1AE82D019567289004740F4 /* grasshopper.jpg */ = {isa = PBXFileReference; lastKnownFileType = image.jpeg; path = grasshopper.jpg; sourceTree = "<group>"; };
		C1AE82D119567289004740F4 /* ladybug.jpg */ = {isa = PBXFileReference; lastKnownFileType = image.jpeg; path = ladybug.jpg; sourceTree = "<group>"; };
		C1AE82D219567289004740F4 /* mosquito.jpg */ = {isa = PBXFileReference; lastKnownFileType = image.jpeg; path = mosquito.jpg; sourceTree = "<group>"; };
		C1AE82D319567289004740F4 /* potatoBug.jpg */ = {isa = PBXFileReference; lastKnownFileType = image.jpeg; path = potatoBug.jpg; sourceTree = "<group>"; };
		C1AE82D419567289004740F4 /* prayingMantis.jpg */ = {isa = PBXFileReference; lastKnownFileType = image.jpeg; path = prayingMantis.jpg; sourceTree = "<group>"; };
		C1AE82D519567289004740F4 /* roach.jpg */ = {isa = PBXFileReference; lastKnownFileType = image.jpeg; path = roach.jpg; sourceTree = "<group>"; };
		C1AE82D619567289004740F4 /* robberFly.jpg */ = {isa = PBXFileReference; lastKnownFileType = image.jpeg; path = robberFly.jpg; sourceTree = "<group>"; };
		C1AE82D719567289004740F4 /* ScaryBug.h */ = {isa = PBXFileReference; fileEncoding = 4; lastKnownFileType = sourcecode.c.h; name = ScaryBug.h; path = "Challenge 1 Resources/ScaryBug.h"; sourceTree = "<group>"; };
		C1AE82D819567289004740F4 /* ScaryBug.m */ = {isa = PBXFileReference; fileEncoding = 4; lastKnownFileType = sourcecode.c.objc; name = ScaryBug.m; path = "Challenge 1 Resources/ScaryBug.m"; sourceTree = "<group>"; };
		C1AE82D919567289004740F4 /* scorpion.jpg */ = {isa = PBXFileReference; lastKnownFileType = image.jpeg; path = scorpion.jpg; sourceTree = "<group>"; };
		C1AE82DA19567289004740F4 /* shieldBug.jpg */ = {isa = PBXFileReference; lastKnownFileType = image.jpeg; path = shieldBug.jpg; sourceTree = "<group>"; };
		C1AE82DB19567289004740F4 /* shockedface2_empty.png */ = {isa = PBXFileReference; lastKnownFileType = image.png; path = shockedface2_empty.png; sourceTree = "<group>"; };
		C1AE82DC19567289004740F4 /* shockedface2_full.png */ = {isa = PBXFileReference; lastKnownFileType = image.png; path = shockedface2_full.png; sourceTree = "<group>"; };
		C1AE82DD19567289004740F4 /* stagBeetle.jpg */ = {isa = PBXFileReference; lastKnownFileType = image.jpeg; path = stagBeetle.jpg; sourceTree = "<group>"; };
		C1AE82DE19567289004740F4 /* stinkbug.jpg */ = {isa = PBXFileReference; lastKnownFileType = image.jpeg; path = stinkbug.jpg; sourceTree = "<group>"; };
		C1AE82DF19567289004740F4 /* wolfSpider.jpg */ = {isa = PBXFileReference; lastKnownFileType = image.jpeg; path = wolfSpider.jpg; sourceTree = "<group>"; };
/* End PBXFileReference section */

/* Begin PBXFrameworksBuildPhase section */
		C17CE01F1953E518005F1216 /* Frameworks */ = {
			isa = PBXFrameworksBuildPhase;
			buildActionMask = 2147483647;
			files = (
				C17CE0281953E518005F1216 /* CoreGraphics.framework in Frameworks */,
				C17CE02A1953E518005F1216 /* UIKit.framework in Frameworks */,
				C17CE0261953E518005F1216 /* Foundation.framework in Frameworks */,
			);
			runOnlyForDeploymentPostprocessing = 0;
		};
		C17CE0401953E518005F1216 /* Frameworks */ = {
			isa = PBXFrameworksBuildPhase;
			buildActionMask = 2147483647;
			files = (
				C17CE0451953E518005F1216 /* XCTest.framework in Frameworks */,
				C17CE0471953E519005F1216 /* UIKit.framework in Frameworks */,
				C17CE0461953E518005F1216 /* Foundation.framework in Frameworks */,
			);
			runOnlyForDeploymentPostprocessing = 0;
		};
/* End PBXFrameworksBuildPhase section */

/* Begin PBXGroup section */
		C17CE0191953E518005F1216 = {
			isa = PBXGroup;
			children = (
				C17CE02B1953E518005F1216 /* Scary Bugs */,
				C17CE04A1953E519005F1216 /* Scary BugsTests */,
				C17CE0241953E518005F1216 /* Frameworks */,
				C17CE0231953E518005F1216 /* Products */,
			);
			sourceTree = "<group>";
		};
		C17CE0231953E518005F1216 /* Products */ = {
			isa = PBXGroup;
			children = (
				C17CE0221953E518005F1216 /* Scary Bugs.app */,
				C17CE0431953E518005F1216 /* Scary BugsTests.xctest */,
			);
			name = Products;
			sourceTree = "<group>";
		};
		C17CE0241953E518005F1216 /* Frameworks */ = {
			isa = PBXGroup;
			children = (
				C17CE0251953E518005F1216 /* Foundation.framework */,
				C17CE0271953E518005F1216 /* CoreGraphics.framework */,
				C17CE0291953E518005F1216 /* UIKit.framework */,
				C17CE0441953E518005F1216 /* XCTest.framework */,
			);
			name = Frameworks;
			sourceTree = "<group>";
		};
		C17CE02B1953E518005F1216 /* Scary Bugs */ = {
			isa = PBXGroup;
			children = (
				C1AE82D719567289004740F4 /* ScaryBug.h */,
				C1AE82D819567289004740F4 /* ScaryBug.m */,
				C1A6533B1957C11C00EC7BFB /* BugSection.h */,
				C1A6533C1957C11C00EC7BFB /* BugSection.m */,
				9A9F714B19A13AF2007287A9 /* MASBugCell.h */,
				9A9F714C19A13AF2007287A9 /* MASBugCell.m */,
				C1AE82C119566FD0004740F4 /* MASBugsTableViewController.h */,
				C1AE82C219566FD0004740F4 /* MASBugsTableViewController.m */,
				C17CE0341953E518005F1216 /* MASAppDelegate.h */,
				C17CE0351953E518005F1216 /* MASAppDelegate.m */,
				C17CE0371953E518005F1216 /* Main.storyboard */,
				C1AE82C419567289004740F4 /* Challenge 1 Resources */,
				C17CE03D1953E518005F1216 /* Images.xcassets */,
				C17CE02C1953E518005F1216 /* Supporting Files */,
			);
			path = "Scary Bugs";
			sourceTree = "<group>";
		};
		C17CE02C1953E518005F1216 /* Supporting Files */ = {
			isa = PBXGroup;
			children = (
				C17CE02D1953E518005F1216 /* Scary Bugs-Info.plist */,
				C17CE02E1953E518005F1216 /* InfoPlist.strings */,
				C17CE0311953E518005F1216 /* main.m */,
				C17CE0331953E518005F1216 /* Scary Bugs-Prefix.pch */,
			);
			name = "Supporting Files";
			sourceTree = "<group>";
		};
		C17CE04A1953E519005F1216 /* Scary BugsTests */ = {
			isa = PBXGroup;
			children = (
				C17CE0501953E519005F1216 /* Scary_BugsTests.m */,
				C17CE04B1953E519005F1216 /* Supporting Files */,
			);
			path = "Scary BugsTests";
			sourceTree = "<group>";
		};
		C17CE04B1953E519005F1216 /* Supporting Files */ = {
			isa = PBXGroup;
			children = (
				C17CE04C1953E519005F1216 /* Scary BugsTests-Info.plist */,
				C17CE04D1953E519005F1216 /* InfoPlist.strings */,
			);
			name = "Supporting Files";
			sourceTree = "<group>";
		};
		C1AE82C419567289004740F4 /* Challenge 1 Resources */ = {
			isa = PBXGroup;
			children = (
				C1AE82C519567289004740F4 /* attribution.txt */,
				C1AE82C619567289004740F4 /* bee.jpg */,
				C1AE82C719567289004740F4 /* beetle.jpg */,
				C1AE82C819567289004740F4 /* burritoInsect.jpg */,
				C1AE82C919567289004740F4 /* caterpillar.jpg */,
				C1AE82CA19567289004740F4 /* centipede.jpg */,
				C1AE82CB19567289004740F4 /* cicada.jpg */,
				C1AE82CC19567289004740F4 /* cockroach.jpg */,
				C1AE82CD19567289004740F4 /* exoskeleton.jpg */,
				C1AE82CE19567289004740F4 /* fly.jpg */,
				C1AE82CF19567289004740F4 /* giantMoth.jpg */,
				C1AE82D019567289004740F4 /* grasshopper.jpg */,
				C1AE82D119567289004740F4 /* ladybug.jpg */,
				C1AE82D219567289004740F4 /* mosquito.jpg */,
				C1AE82D319567289004740F4 /* potatoBug.jpg */,
				C1AE82D419567289004740F4 /* prayingMantis.jpg */,
				C1AE82D519567289004740F4 /* roach.jpg */,
				C1AE82D619567289004740F4 /* robberFly.jpg */,
				C1AE82D919567289004740F4 /* scorpion.jpg */,
				C1AE82DA19567289004740F4 /* shieldBug.jpg */,
				C1AE82DB19567289004740F4 /* shockedface2_empty.png */,
				C1AE82DC19567289004740F4 /* shockedface2_full.png */,
				C1AE82DD19567289004740F4 /* stagBeetle.jpg */,
				C1AE82DE19567289004740F4 /* stinkbug.jpg */,
				C1AE82DF19567289004740F4 /* wolfSpider.jpg */,
			);
			path = "Challenge 1 Resources";
			sourceTree = "<group>";
		};
/* End PBXGroup section */

/* Begin PBXNativeTarget section */
		C17CE0211953E518005F1216 /* Scary Bugs */ = {
			isa = PBXNativeTarget;
			buildConfigurationList = C17CE0541953E519005F1216 /* Build configuration list for PBXNativeTarget "Scary Bugs" */;
			buildPhases = (
				C17CE01E1953E518005F1216 /* Sources */,
				C17CE01F1953E518005F1216 /* Frameworks */,
				C17CE0201953E518005F1216 /* Resources */,
			);
			buildRules = (
			);
			dependencies = (
			);
			name = "Scary Bugs";
			productName = "Scary Bugs";
			productReference = C17CE0221953E518005F1216 /* Scary Bugs.app */;
			productType = "com.apple.product-type.application";
		};
		C17CE0421953E518005F1216 /* Scary BugsTests */ = {
			isa = PBXNativeTarget;
			buildConfigurationList = C17CE0571953E519005F1216 /* Build configuration list for PBXNativeTarget "Scary BugsTests" */;
			buildPhases = (
				C17CE03F1953E518005F1216 /* Sources */,
				C17CE0401953E518005F1216 /* Frameworks */,
				C17CE0411953E518005F1216 /* Resources */,
			);
			buildRules = (
			);
			dependencies = (
				C17CE0491953E519005F1216 /* PBXTargetDependency */,
			);
			name = "Scary BugsTests";
			productName = "Scary BugsTests";
			productReference = C17CE0431953E518005F1216 /* Scary BugsTests.xctest */;
			productType = "com.apple.product-type.bundle.unit-test";
		};
/* End PBXNativeTarget section */

/* Begin PBXProject section */
		C17CE01A1953E518005F1216 /* Project object */ = {
			isa = PBXProject;
			attributes = {
				CLASSPREFIX = MAS;
				LastUpgradeCheck = 0510;
				ORGANIZATIONNAME = "Halo International Corp";
				TargetAttributes = {
					C17CE0421953E518005F1216 = {
						TestTargetID = C17CE0211953E518005F1216;
					};
				};
			};
			buildConfigurationList = C17CE01D1953E518005F1216 /* Build configuration list for PBXProject "Scary Bugs" */;
			compatibilityVersion = "Xcode 3.2";
			developmentRegion = English;
			hasScannedForEncodings = 0;
			knownRegions = (
				en,
				Base,
			);
			mainGroup = C17CE0191953E518005F1216;
			productRefGroup = C17CE0231953E518005F1216 /* Products */;
			projectDirPath = "";
			projectRoot = "";
			targets = (
				C17CE0211953E518005F1216 /* Scary Bugs */,
				C17CE0421953E518005F1216 /* Scary BugsTests */,
			);
		};
/* End PBXProject section */

/* Begin PBXResourcesBuildPhase section */
		C17CE0201953E518005F1216 /* Resources */ = {
			isa = PBXResourcesBuildPhase;
			buildActionMask = 2147483647;
			files = (
				C1AE82F419567289004740F4 /* shieldBug.jpg in Resources */,
				C1AE82F519567289004740F4 /* shockedface2_empty.png in Resources */,
				C17CE03E1953E518005F1216 /* Images.xcassets in Resources */,
				C1AE82EB19567289004740F4 /* grasshopper.jpg in Resources */,
				C1AE82EC19567289004740F4 /* ladybug.jpg in Resources */,
				C1AE82E419567289004740F4 /* caterpillar.jpg in Resources */,
				C1AE82F319567289004740F4 /* scorpion.jpg in Resources */,
				C1AE82F119567289004740F4 /* robberFly.jpg in Resources */,
				C1AE82E119567289004740F4 /* bee.jpg in Resources */,
				C1AE82E219567289004740F4 /* beetle.jpg in Resources */,
				C17CE0301953E518005F1216 /* InfoPlist.strings in Resources */,
				C1AE82E019567289004740F4 /* attribution.txt in Resources */,
				C1AE82F619567289004740F4 /* shockedface2_full.png in Resources */,
				C1AE82E519567289004740F4 /* centipede.jpg in Resources */,
				C1AE82F019567289004740F4 /* roach.jpg in Resources */,
				C1AE82F819567289004740F4 /* stinkbug.jpg in Resources */,
				C1AE82E819567289004740F4 /* exoskeleton.jpg in Resources */,
				C1AE82ED19567289004740F4 /* mosquito.jpg in Resources */,
				C1AE82EF19567289004740F4 /* prayingMantis.jpg in Resources */,
				C1AE82E319567289004740F4 /* burritoInsect.jpg in Resources */,
				C1AE82F919567289004740F4 /* wolfSpider.jpg in Resources */,
				C1AE82E719567289004740F4 /* cockroach.jpg in Resources */,
				C1AE82E619567289004740F4 /* cicada.jpg in Resources */,
				C1AE82EA19567289004740F4 /* giantMoth.jpg in Resources */,
				C1AE82E919567289004740F4 /* fly.jpg in Resources */,
				C17CE0391953E518005F1216 /* Main.storyboard in Resources */,
				C1AE82EE19567289004740F4 /* potatoBug.jpg in Resources */,
				C1AE82F719567289004740F4 /* stagBeetle.jpg in Resources */,
			);
			runOnlyForDeploymentPostprocessing = 0;
		};
		C17CE0411953E518005F1216 /* Resources */ = {
			isa = PBXResourcesBuildPhase;
			buildActionMask = 2147483647;
			files = (
				C17CE04F1953E519005F1216 /* InfoPlist.strings in Resources */,
			);
			runOnlyForDeploymentPostprocessing = 0;
		};
/* End PBXResourcesBuildPhase section */

/* Begin PBXSourcesBuildPhase section */
		C17CE01E1953E518005F1216 /* Sources */ = {
			isa = PBXSourcesBuildPhase;
			buildActionMask = 2147483647;
			files = (
				C17CE0361953E518005F1216 /* MASAppDelegate.m in Sources */,
				C1AE82F219567289004740F4 /* ScaryBug.m in Sources */,
				9A9F714D19A13AF2007287A9 /* MASBugCell.m in Sources */,
				C1AE82C319566FD0004740F4 /* MASBugsTableViewController.m in Sources */,
				C1A6533D1957C11C00EC7BFB /* BugSection.m in Sources */,
				C17CE0321953E518005F1216 /* main.m in Sources */,
			);
			runOnlyForDeploymentPostprocessing = 0;
		};
		C17CE03F1953E518005F1216 /* Sources */ = {
			isa = PBXSourcesBuildPhase;
			buildActionMask = 2147483647;
			files = (
				C17CE0511953E519005F1216 /* Scary_BugsTests.m in Sources */,
			);
			runOnlyForDeploymentPostprocessing = 0;
		};
/* End PBXSourcesBuildPhase section */

/* Begin PBXTargetDependency section */
		C17CE0491953E519005F1216 /* PBXTargetDependency */ = {
			isa = PBXTargetDependency;
			target = C17CE0211953E518005F1216 /* Scary Bugs */;
			targetProxy = C17CE0481953E519005F1216 /* PBXContainerItemProxy */;
		};
/* End PBXTargetDependency section */

/* Begin PBXVariantGroup section */
		C17CE02E1953E518005F1216 /* InfoPlist.strings */ = {
			isa = PBXVariantGroup;
			children = (
				C17CE02F1953E518005F1216 /* en */,
			);
			name = InfoPlist.strings;
			sourceTree = "<group>";
		};
		C17CE0371953E518005F1216 /* Main.storyboard */ = {
			isa = PBXVariantGroup;
			children = (
				C17CE0381953E518005F1216 /* Base */,
			);
			name = Main.storyboard;
			sourceTree = "<group>";
		};
		C17CE04D1953E519005F1216 /* InfoPlist.strings */ = {
			isa = PBXVariantGroup;
			children = (
				C17CE04E1953E519005F1216 /* en */,
			);
			name = InfoPlist.strings;
			sourceTree = "<group>";
		};
/* End PBXVariantGroup section */

/* Begin XCBuildConfiguration section */
		C17CE0521953E519005F1216 /* Debug */ = {
			isa = XCBuildConfiguration;
			buildSettings = {
				ALWAYS_SEARCH_USER_PATHS = NO;
				CLANG_CXX_LANGUAGE_STANDARD = "gnu++0x";
				CLANG_CXX_LIBRARY = "libc++";
				CLANG_ENABLE_MODULES = YES;
				CLANG_ENABLE_OBJC_ARC = YES;
				CLANG_WARN_BOOL_CONVERSION = YES;
				CLANG_WARN_CONSTANT_CONVERSION = YES;
				CLANG_WARN_DIRECT_OBJC_ISA_USAGE = YES_ERROR;
				CLANG_WARN_EMPTY_BODY = YES;
				CLANG_WARN_ENUM_CONVERSION = YES;
				CLANG_WARN_INT_CONVERSION = YES;
				CLANG_WARN_OBJC_ROOT_CLASS = YES_ERROR;
				CLANG_WARN__DUPLICATE_METHOD_MATCH = YES;
				"CODE_SIGN_IDENTITY[sdk=iphoneos*]" = "iPhone Developer";
				COPY_PHASE_STRIP = NO;
				GCC_C_LANGUAGE_STANDARD = gnu99;
				GCC_DYNAMIC_NO_PIC = NO;
				GCC_OPTIMIZATION_LEVEL = 0;
				GCC_PREPROCESSOR_DEFINITIONS = (
					"DEBUG=1",
					"$(inherited)",
				);
				GCC_SYMBOLS_PRIVATE_EXTERN = NO;
				GCC_WARN_64_TO_32_BIT_CONVERSION = YES;
				GCC_WARN_ABOUT_RETURN_TYPE = YES_ERROR;
				GCC_WARN_UNDECLARED_SELECTOR = YES;
				GCC_WARN_UNINITIALIZED_AUTOS = YES_AGGRESSIVE;
				GCC_WARN_UNUSED_FUNCTION = YES;
				GCC_WARN_UNUSED_VARIABLE = YES;
				IPHONEOS_DEPLOYMENT_TARGET = 7.1;
				ONLY_ACTIVE_ARCH = YES;
				SDKROOT = iphoneos;
			};
			name = Debug;
		};
		C17CE0531953E519005F1216 /* Release */ = {
			isa = XCBuildConfiguration;
			buildSettings = {
				ALWAYS_SEARCH_USER_PATHS = NO;
				CLANG_CXX_LANGUAGE_STANDARD = "gnu++0x";
				CLANG_CXX_LIBRARY = "libc++";
				CLANG_ENABLE_MODULES = YES;
				CLANG_ENABLE_OBJC_ARC = YES;
				CLANG_WARN_BOOL_CONVERSION = YES;
				CLANG_WARN_CONSTANT_CONVERSION = YES;
				CLANG_WARN_DIRECT_OBJC_ISA_USAGE = YES_ERROR;
				CLANG_WARN_EMPTY_BODY = YES;
				CLANG_WARN_ENUM_CONVERSION = YES;
				CLANG_WARN_INT_CONVERSION = YES;
				CLANG_WARN_OBJC_ROOT_CLASS = YES_ERROR;
				CLANG_WARN__DUPLICATE_METHOD_MATCH = YES;
				"CODE_SIGN_IDENTITY[sdk=iphoneos*]" = "iPhone Developer";
				COPY_PHASE_STRIP = YES;
				ENABLE_NS_ASSERTIONS = NO;
				GCC_C_LANGUAGE_STANDARD = gnu99;
				GCC_WARN_64_TO_32_BIT_CONVERSION = YES;
				GCC_WARN_ABOUT_RETURN_TYPE = YES_ERROR;
				GCC_WARN_UNDECLARED_SELECTOR = YES;
				GCC_WARN_UNINITIALIZED_AUTOS = YES_AGGRESSIVE;
				GCC_WARN_UNUSED_FUNCTION = YES;
				GCC_WARN_UNUSED_VARIABLE = YES;
				IPHONEOS_DEPLOYMENT_TARGET = 7.1;
				SDKROOT = iphoneos;
				VALIDATE_PRODUCT = YES;
			};
			name = Release;
		};
		C17CE0551953E519005F1216 /* Debug */ = {
			isa = XCBuildConfiguration;
			buildSettings = {
				ASSETCATALOG_COMPILER_APPICON_NAME = AppIcon;
				ASSETCATALOG_COMPILER_LAUNCHIMAGE_NAME = LaunchImage;
				GCC_PRECOMPILE_PREFIX_HEADER = YES;
				GCC_PREFIX_HEADER = "Scary Bugs/Scary Bugs-Prefix.pch";
				INFOPLIST_FILE = "Scary Bugs/Scary Bugs-Info.plist";
				PRODUCT_NAME = "$(TARGET_NAME)";
				WRAPPER_EXTENSION = app;
			};
			name = Debug;
		};
		C17CE0561953E519005F1216 /* Release */ = {
			isa = XCBuildConfiguration;
			buildSettings = {
				ASSETCATALOG_COMPILER_APPICON_NAME = AppIcon;
				ASSETCATALOG_COMPILER_LAUNCHIMAGE_NAME = LaunchImage;
				GCC_PRECOMPILE_PREFIX_HEADER = YES;
				GCC_PREFIX_HEADER = "Scary Bugs/Scary Bugs-Prefix.pch";
				INFOPLIST_FILE = "Scary Bugs/Scary Bugs-Info.plist";
				PRODUCT_NAME = "$(TARGET_NAME)";
				WRAPPER_EXTENSION = app;
			};
			name = Release;
		};
		C17CE0581953E519005F1216 /* Debug */ = {
			isa = XCBuildConfiguration;
			buildSettings = {
				BUNDLE_LOADER = "$(BUILT_PRODUCTS_DIR)/Scary Bugs.app/Scary Bugs";
				FRAMEWORK_SEARCH_PATHS = (
					"$(SDKROOT)/Developer/Library/Frameworks",
					"$(inherited)",
					"$(DEVELOPER_FRAMEWORKS_DIR)",
				);
				GCC_PRECOMPILE_PREFIX_HEADER = YES;
				GCC_PREFIX_HEADER = "Scary Bugs/Scary Bugs-Prefix.pch";
				GCC_PREPROCESSOR_DEFINITIONS = (
					"DEBUG=1",
					"$(inherited)",
				);
				INFOPLIST_FILE = "Scary BugsTests/Scary BugsTests-Info.plist";
				PRODUCT_NAME = "$(TARGET_NAME)";
				TEST_HOST = "$(BUNDLE_LOADER)";
				WRAPPER_EXTENSION = xctest;
			};
			name = Debug;
		};
		C17CE0591953E519005F1216 /* Release */ = {
			isa = XCBuildConfiguration;
			buildSettings = {
				BUNDLE_LOADER = "$(BUILT_PRODUCTS_DIR)/Scary Bugs.app/Scary Bugs";
				FRAMEWORK_SEARCH_PATHS = (
					"$(SDKROOT)/Developer/Library/Frameworks",
					"$(inherited)",
					"$(DEVELOPER_FRAMEWORKS_DIR)",
				);
				GCC_PRECOMPILE_PREFIX_HEADER = YES;
				GCC_PREFIX_HEADER = "Scary Bugs/Scary Bugs-Prefix.pch";
				INFOPLIST_FILE = "Scary BugsTests/Scary BugsTests-Info.plist";
				PRODUCT_NAME = "$(TARGET_NAME)";
				TEST_HOST = "$(BUNDLE_LOADER)";
				WRAPPER_EXTENSION = xctest;
			};
			name = Release;
		};
/* End XCBuildConfiguration section */

/* Begin XCConfigurationList section */
		C17CE01D1953E518005F1216 /* Build configuration list for PBXProject "Scary Bugs" */ = {
			isa = XCConfigurationList;
			buildConfigurations = (
				C17CE0521953E519005F1216 /* Debug */,
				C17CE0531953E519005F1216 /* Release */,
			);
			defaultConfigurationIsVisible = 0;
			defaultConfigurationName = Release;
		};
		C17CE0541953E519005F1216 /* Build configuration list for PBXNativeTarget "Scary Bugs" */ = {
			isa = XCConfigurationList;
			buildConfigurations = (
				C17CE0551953E519005F1216 /* Debug */,
				C17CE0561953E519005F1216 /* Release */,
			);
			defaultConfigurationIsVisible = 0;
			defaultConfigurationName = Release;
		};
		C17CE0571953E519005F1216 /* Build configuration list for PBXNativeTarget "Scary BugsTests" */ = {
			isa = XCConfigurationList;
			buildConfigurations = (
				C17CE0581953E519005F1216 /* Debug */,
				C17CE0591953E519005F1216 /* Release */,
			);
			defaultConfigurationIsVisible = 0;
			defaultConfigurationName = Release;
		};
/* End XCConfigurationList section */
	};
	rootObject = C17CE01A1953E518005F1216 /* Project object */;
}
